
Microsoft Visual Studio Solution File, Format Version 12.00
# Visual Studio Version 16
VisualStudioVersion = 16.0.31005.135
MinimumVisualStudioVersion = 10.0.40219.1
Project("{9A19103F-16F7-4668-BE54-9A1E7A4F7556}") = "HttpClientImpl", "HttpClientImpl.csproj", "{038FD0E6-04EF-4B41-A056-5827543A330C}"
EndProject
Global
	GlobalSection(SolutionConfigurationPlatforms) = preSolution
		Debug|Any CPU = Debug|Any CPU
		Release|Any CPU = Release|Any CPU
	EndGlobalSection
	GlobalSection(ProjectConfigurationPlatforms) = postSolution
		{038FD0E6-04EF-4B41-A056-5827543A330C}.Debug|Any CPU.ActiveCfg = Debug|Any CPU
		{038FD0E6-04EF-4B41-A056-5827543A330C}.Debug|Any CPU.Build.0 = Debug|Any CPU
		{038FD0E6-04EF-4B41-A056-5827543A330C}.Release|Any CPU.ActiveCfg = Release|Any CPU
		{038FD0E6-04EF-4B41-A056-5827543A330C}.Release|Any CPU.Build.0 = Release|Any CPU
	EndGlobalSection
	GlobalSection(SolutionProperties) = preSolution
		HideSolutionNode = FALSE
	EndGlobalSection
	GlobalSection(ExtensibilityGlobals) = postSolution
		SolutionGuid = {A1CAAEFE-C5D5-4C24-8C76-C3378263C9C3}
	EndGlobalSection
EndGlobal
